
Microsoft Visual Studio Solution File, Format Version 12.00
# Visual Studio 15
VisualStudioVersion = 15.0.26730.10
MinimumVisualStudioVersion = 10.0.40219.1
Project("{8BC9CEB8-8B4A-11D0-8D11-00A0C91BC942}") = "ITE8528_EC_Lib", "ITE8528_EC_Lib\ITE8528_EC_Lib.vcxproj", "{F156FDAE-E691-4ABC-AA97-CFA7EBA6589F}"
EndProject
Project("{2150E333-8FDC-42A3-9474-1A3956D46DE8}") = "Tests", "Tests", "{BEDCEA9B-5308-4CEC-803C-E318FD88587F}"
EndProject
Project("{2150E333-8FDC-42A3-9474-1A3956D46DE8}") = "WDT", "WDT", "{F129AD38-3E21-40CD-AE85-C76A5F152489}"
EndProject
Project("{8BC9CEB8-8B4A-11D0-8D11-00A0C91BC942}") = "WDT_Test1", "Tests\WDT\WDT_Test1\WDT_Test1.vcxproj", "{9DAA611E-0F6E-4268-9DE1-8AF507431707}"
EndProject
Project("{8BC9CEB8-8B4A-11D0-8D11-00A0C91BC942}") = "WDT_Test2", "Tests\WDT\WDT_Test2\WDT_Test2.vcxproj", "{B0A200E5-1549-45F9-9AAD-DF79A2B8B38E}"
EndProject
Project("{8BC9CEB8-8B4A-11D0-8D11-00A0C91BC942}") = "WDT_Test3", "Tests\WDT\WDT_Test3\WDT_Test3.vcxproj", "{1DAE9D78-810F-4ACE-832F-02605159B900}"
EndProject
Project("{2150E333-8FDC-42A3-9474-1A3956D46DE8}") = "PWR", "PWR", "{CB7DE30C-4DC2-4E98-B66A-0984DFBC2575}"
EndProject
Project("{8BC9CEB8-8B4A-11D0-8D11-00A0C91BC942}") = "PWR_Test", "Tests\PWR\PWR_Test\PWR_Test.vcxproj", "{01A05A0D-A0AF-4F66-9DC1-CFF30A02D52A}"
EndProject
Project("{2150E333-8FDC-42A3-9474-1A3956D46DE8}") = "EC_Access_Decode", "EC_Access_Decode", "{DFE0AF0C-6C93-46F8-8F40-CEF41FF02A0F}"
EndProject
Project("{8BC9CEB8-8B4A-11D0-8D11-00A0C91BC942}") = "Decode", "Tests\EC_Access_Decode\Decode\Decode.vcxproj", "{B0E6C283-14A7-4F24-B82F-47FCA6F1CD0F}"
EndProject
Project("{2150E333-8FDC-42A3-9474-1A3956D46DE8}") = "TEMP", "TEMP", "{C6F516C9-B613-4CF1-9A5F-3FA8150D1C3E}"
EndProject
Project("{8BC9CEB8-8B4A-11D0-8D11-00A0C91BC942}") = "TEMP_Test1", "Tests\TEMP\TEMP_Test1\TEMP_Test1.vcxproj", "{02DD3227-68B5-465D-937A-6F4EF3E4C40F}"
EndProject
Global
	GlobalSection(SolutionConfigurationPlatforms) = preSolution
		Debug|x64 = Debug|x64
		Debug|x86 = Debug|x86
		Release|x64 = Release|x64
		Release|x86 = Release|x86
	EndGlobalSection
	GlobalSection(ProjectConfigurationPlatforms) = postSolution
		{F156FDAE-E691-4ABC-AA97-CFA7EBA6589F}.Debug|x64.ActiveCfg = Debug|x64
		{F156FDAE-E691-4ABC-AA97-CFA7EBA6589F}.Debug|x64.Build.0 = Debug|x64
		{F156FDAE-E691-4ABC-AA97-CFA7EBA6589F}.Debug|x86.ActiveCfg = Release|x64
		{F156FDAE-E691-4ABC-AA97-CFA7EBA6589F}.Debug|x86.Build.0 = Release|x64
		{F156FDAE-E691-4ABC-AA97-CFA7EBA6589F}.Release|x64.ActiveCfg = Release|x64
		{F156FDAE-E691-4ABC-AA97-CFA7EBA6589F}.Release|x64.Build.0 = Release|x64
		{F156FDAE-E691-4ABC-AA97-CFA7EBA6589F}.Release|x86.ActiveCfg = Release|x64
		{F156FDAE-E691-4ABC-AA97-CFA7EBA6589F}.Release|x86.Build.0 = Release|x64
		{9DAA611E-0F6E-4268-9DE1-8AF507431707}.Debug|x64.ActiveCfg = Debug|x64
		{9DAA611E-0F6E-4268-9DE1-8AF507431707}.Debug|x64.Build.0 = Debug|x64
		{9DAA611E-0F6E-4268-9DE1-8AF507431707}.Debug|x86.ActiveCfg = Debug|Win32
		{9DAA611E-0F6E-4268-9DE1-8AF507431707}.Debug|x86.Build.0 = Debug|Win32
		{9DAA611E-0F6E-4268-9DE1-8AF507431707}.Release|x64.ActiveCfg = Release|x64
		{9DAA611E-0F6E-4268-9DE1-8AF507431707}.Release|x64.Build.0 = Release|x64
		{9DAA611E-0F6E-4268-9DE1-8AF507431707}.Release|x86.ActiveCfg = Release|Win32
		{9DAA611E-0F6E-4268-9DE1-8AF507431707}.Release|x86.Build.0 = Release|Win32
		{B0A200E5-1549-45F9-9AAD-DF79A2B8B38E}.Debug|x64.ActiveCfg = Debug|x64
		{B0A200E5-1549-45F9-9AAD-DF79A2B8B38E}.Debug|x64.Build.0 = Debug|x64
		{B0A200E5-1549-45F9-9AAD-DF79A2B8B38E}.Debug|x86.ActiveCfg = Debug|Win32
		{B0A200E5-1549-45F9-9AAD-DF79A2B8B38E}.Debug|x86.Build.0 = Debug|Win32
		{B0A200E5-1549-45F9-9AAD-DF79A2B8B38E}.Release|x64.ActiveCfg = Release|x64
		{B0A200E5-1549-45F9-9AAD-DF79A2B8B38E}.Release|x64.Build.0 = Release|x64
		{B0A200E5-1549-45F9-9AAD-DF79A2B8B38E}.Release|x86.ActiveCfg = Release|Win32
		{B0A200E5-1549-45F9-9AAD-DF79A2B8B38E}.Release|x86.Build.0 = Release|Win32
		{1DAE9D78-810F-4ACE-832F-02605159B900}.Debug|x64.ActiveCfg = Debug|x64
		{1DAE9D78-810F-4ACE-832F-02605159B900}.Debug|x64.Build.0 = Debug|x64
		{1DAE9D78-810F-4ACE-832F-02605159B900}.Debug|x86.ActiveCfg = Debug|Win32
		{1DAE9D78-810F-4ACE-832F-02605159B900}.Debug|x86.Build.0 = Debug|Win32
		{1DAE9D78-810F-4ACE-832F-02605159B900}.Release|x64.ActiveCfg = Release|x64
		{1DAE9D78-810F-4ACE-832F-02605159B900}.Release|x64.Build.0 = Release|x64
		{1DAE9D78-810F-4ACE-832F-02605159B900}.Release|x86.ActiveCfg = Release|Win32
		{1DAE9D78-810F-4ACE-832F-02605159B900}.Release|x86.Build.0 = Release|Win32
		{01A05A0D-A0AF-4F66-9DC1-CFF30A02D52A}.Debug|x64.ActiveCfg = Debug|x64
		{01A05A0D-A0AF-4F66-9DC1-CFF30A02D52A}.Debug|x64.Build.0 = Debug|x64
		{01A05A0D-A0AF-4F66-9DC1-CFF30A02D52A}.Debug|x86.ActiveCfg = Debug|Win32
		{01A05A0D-A0AF-4F66-9DC1-CFF30A02D52A}.Debug|x86.Build.0 = Debug|Win32
		{01A05A0D-A0AF-4F66-9DC1-CFF30A02D52A}.Release|x64.ActiveCfg = Release|x64
		{01A05A0D-A0AF-4F66-9DC1-CFF30A02D52A}.Release|x64.Build.0 = Release|x64
		{01A05A0D-A0AF-4F66-9DC1-CFF30A02D52A}.Release|x86.ActiveCfg = Release|Win32
		{01A05A0D-A0AF-4F66-9DC1-CFF30A02D52A}.Release|x86.Build.0 = Release|Win32
		{B0E6C283-14A7-4F24-B82F-47FCA6F1CD0F}.Debug|x64.ActiveCfg = Debug|x64
		{B0E6C283-14A7-4F24-B82F-47FCA6F1CD0F}.Debug|x64.Build.0 = Debug|x64
		{B0E6C283-14A7-4F24-B82F-47FCA6F1CD0F}.Debug|x86.ActiveCfg = Debug|Win32
		{B0E6C283-14A7-4F24-B82F-47FCA6F1CD0F}.Debug|x86.Build.0 = Debug|Win32
		{B0E6C283-14A7-4F24-B82F-47FCA6F1CD0F}.Release|x64.ActiveCfg = Release|x64
		{B0E6C283-14A7-4F24-B82F-47FCA6F1CD0F}.Release|x64.Build.0 = Release|x64
		{B0E6C283-14A7-4F24-B82F-47FCA6F1CD0F}.Release|x86.ActiveCfg = Release|Win32
		{B0E6C283-14A7-4F24-B82F-47FCA6F1CD0F}.Release|x86.Build.0 = Release|Win32
		{02DD3227-68B5-465D-937A-6F4EF3E4C40F}.Debug|x64.ActiveCfg = Debug|x64
		{02DD3227-68B5-465D-937A-6F4EF3E4C40F}.Debug|x64.Build.0 = Debug|x64
		{02DD3227-68B5-465D-937A-6F4EF3E4C40F}.Debug|x86.ActiveCfg = Debug|Win32
		{02DD3227-68B5-465D-937A-6F4EF3E4C40F}.Debug|x86.Build.0 = Debug|Win32
		{02DD3227-68B5-465D-937A-6F4EF3E4C40F}.Release|x64.ActiveCfg = Release|x64
		{02DD3227-68B5-465D-937A-6F4EF3E4C40F}.Release|x64.Build.0 = Release|x64
		{02DD3227-68B5-465D-937A-6F4EF3E4C40F}.Release|x86.ActiveCfg = Release|Win32
		{02DD3227-68B5-465D-937A-6F4EF3E4C40F}.Release|x86.Build.0 = Release|Win32
	EndGlobalSection
	GlobalSection(SolutionProperties) = preSolution
		HideSolutionNode = FALSE
	EndGlobalSection
	GlobalSection(NestedProjects) = preSolution
		{F129AD38-3E21-40CD-AE85-C76A5F152489} = {BEDCEA9B-5308-4CEC-803C-E318FD88587F}
		{9DAA611E-0F6E-4268-9DE1-8AF507431707} = {F129AD38-3E21-40CD-AE85-C76A5F152489}
		{B0A200E5-1549-45F9-9AAD-DF79A2B8B38E} = {F129AD38-3E21-40CD-AE85-C76A5F152489}
		{1DAE9D78-810F-4ACE-832F-02605159B900} = {F129AD38-3E21-40CD-AE85-C76A5F152489}
		{CB7DE30C-4DC2-4E98-B66A-0984DFBC2575} = {BEDCEA9B-5308-4CEC-803C-E318FD88587F}
		{01A05A0D-A0AF-4F66-9DC1-CFF30A02D52A} = {CB7DE30C-4DC2-4E98-B66A-0984DFBC2575}
		{DFE0AF0C-6C93-46F8-8F40-CEF41FF02A0F} = {BEDCEA9B-5308-4CEC-803C-E318FD88587F}
		{B0E6C283-14A7-4F24-B82F-47FCA6F1CD0F} = {DFE0AF0C-6C93-46F8-8F40-CEF41FF02A0F}
		{C6F516C9-B613-4CF1-9A5F-3FA8150D1C3E} = {BEDCEA9B-5308-4CEC-803C-E318FD88587F}
		{02DD3227-68B5-465D-937A-6F4EF3E4C40F} = {C6F516C9-B613-4CF1-9A5F-3FA8150D1C3E}
	EndGlobalSection
	GlobalSection(ExtensibilityGlobals) = postSolution
		SolutionGuid = {31F58376-64D7-4B3B-9DF4-8137F6D002E8}
	EndGlobalSection
EndGlobal
